
Microsoft Visual Studio Solution File, Format Version 12.00
# Visual Studio Version 17
VisualStudioVersion = 17.0.31903.59
MinimumVisualStudioVersion = 10.0.40219.1
Project("{2150E333-8FDC-42A3-9474-1A3956D46DE8}") = "src", "src", "{827E0CD3-B72D-47B6-A68D-7590B98EB39B}"
EndProject
Project("{FAE04EC0-301F-11D3-BF4B-00C04F79EFBC}") = "Emmy.Core", "src\Emmy.Core\Emmy.Core.csproj", "{B786E1BC-35FE-4526-B8EF-B66C61CBB88F}"
EndProject
Project("{FAE04EC0-301F-11D3-BF4B-00C04F79EFBC}") = "Emmy.Host", "src\Emmy.Host\Emmy.Host.csproj", "{549A42E7-CCC8-4EB2-9332-0C444EBB3DB2}"
EndProject
Project("{FAE04EC0-301F-11D3-BF4B-00C04F79EFBC}") = "Emmy.Replay", "src\Emmy.Replay\Emmy.Replay.csproj", "{F82F5CA8-1BD0-4306-86AD-F7F1F337B4DD}"
EndProject
Project("{FAE04EC0-301F-11D3-BF4B-00C04F79EFBC}") = "DalamudEmmy", "src\DalamudEmmy\DalamudEmmy.csproj", "{E8B8CF0E-CB4D-4A92-8059-B2BCB17435D5}"
EndProject
Project("{2150E333-8FDC-42A3-9474-1A3956D46DE8}") = "tests", "tests", "{0AB3BF05-4346-4AA6-1389-037BE0695223}"
EndProject
Project("{FAE04EC0-301F-11D3-BF4B-00C04F79EFBC}") = "Emmy.Tests", "tests\Emmy.Tests\Emmy.Tests.csproj", "{A579638C-AE13-4714-994B-BB82A8B54F73}"
EndProject
Global
	GlobalSection(SolutionConfigurationPlatforms) = preSolution
		Debug|Any CPU = Debug|Any CPU
		Debug|x64 = Debug|x64
		Debug|x86 = Debug|x86
		Release|Any CPU = Release|Any CPU
		Release|x64 = Release|x64
		Release|x86 = Release|x86
	EndGlobalSection
	GlobalSection(ProjectConfigurationPlatforms) = postSolution
		{B786E1BC-35FE-4526-B8EF-B66C61CBB88F}.Debug|Any CPU.ActiveCfg = Debug|Any CPU
		{B786E1BC-35FE-4526-B8EF-B66C61CBB88F}.Debug|Any CPU.Build.0 = Debug|Any CPU
		{B786E1BC-35FE-4526-B8EF-B66C61CBB88F}.Debug|x64.ActiveCfg = Debug|Any CPU
		{B786E1BC-35FE-4526-B8EF-B66C61CBB88F}.Debug|x64.Build.0 = Debug|Any CPU
		{B786E1BC-35FE-4526-B8EF-B66C61CBB88F}.Debug|x86.ActiveCfg = Debug|Any CPU
		{B786E1BC-35FE-4526-B8EF-B66C61CBB88F}.Debug|x86.Build.0 = Debug|Any CPU
		{B786E1BC-35FE-4526-B8EF-B66C61CBB88F}.Release|Any CPU.ActiveCfg = Release|Any CPU
		{B786E1BC-35FE-4526-B8EF-B66C61CBB88F}.Release|Any CPU.Build.0 = Release|Any CPU
		{B786E1BC-35FE-4526-B8EF-B66C61CBB88F}.Release|x64.ActiveCfg = Release|Any CPU
		{B786E1BC-35FE-4526-B8EF-B66C61CBB88F}.Release|x64.Build.0 = Release|Any CPU
		{B786E1BC-35FE-4526-B8EF-B66C61CBB88F}.Release|x86.ActiveCfg = Release|Any CPU
		{B786E1BC-35FE-4526-B8EF-B66C61CBB88F}.Release|x86.Build.0 = Release|Any CPU
		{549A42E7-CCC8-4EB2-9332-0C444EBB3DB2}.Debug|Any CPU.ActiveCfg = Debug|Any CPU
		{549A42E7-CCC8-4EB2-9332-0C444EBB3DB2}.Debug|Any CPU.Build.0 = Debug|Any CPU
		{549A42E7-CCC8-4EB2-9332-0C444EBB3DB2}.Debug|x64.ActiveCfg = Debug|Any CPU
		{549A42E7-CCC8-4EB2-9332-0C444EBB3DB2}.Debug|x64.Build.0 = Debug|Any CPU
		{549A42E7-CCC8-4EB2-9332-0C444EBB3DB2}.Debug|x86.ActiveCfg = Debug|Any CPU
		{549A42E7-CCC8-4EB2-9332-0C444EBB3DB2}.Debug|x86.Build.0 = Debug|Any CPU
		{549A42E7-CCC8-4EB2-9332-0C444EBB3DB2}.Release|Any CPU.ActiveCfg = Release|Any CPU
		{549A42E7-CCC8-4EB2-9332-0C444EBB3DB2}.Release|Any CPU.Build.0 = Release|Any CPU
		{549A42E7-CCC8-4EB2-9332-0C444EBB3DB2}.Release|x64.ActiveCfg = Release|Any CPU
		{549A42E7-CCC8-4EB2-9332-0C444EBB3DB2}.Release|x64.Build.0 = Release|Any CPU
		{549A42E7-CCC8-4EB2-9332-0C444EBB3DB2}.Release|x86.ActiveCfg = Release|Any CPU
		{549A42E7-CCC8-4EB2-9332-0C444EBB3DB2}.Release|x86.Build.0 = Release|Any CPU
		{F82F5CA8-1BD0-4306-86AD-F7F1F337B4DD}.Debug|Any CPU.ActiveCfg = Debug|Any CPU
		{F82F5CA8-1BD0-4306-86AD-F7F1F337B4DD}.Debug|Any CPU.Build.0 = Debug|Any CPU
		{F82F5CA8-1BD0-4306-86AD-F7F1F337B4DD}.Debug|x64.ActiveCfg = Debug|Any CPU
		{F82F5CA8-1BD0-4306-86AD-F7F1F337B4DD}.Debug|x64.Build.0 = Debug|Any CPU
		{F82F5CA8-1BD0-4306-86AD-F7F1F337B4DD}.Debug|x86.ActiveCfg = Debug|Any CPU
		{F82F5CA8-1BD0-4306-86AD-F7F1F337B4DD}.Debug|x86.Build.0 = Debug|Any CPU
		{F82F5CA8-1BD0-4306-86AD-F7F1F337B4DD}.Release|Any CPU.ActiveCfg = Release|Any CPU
		{F82F5CA8-1BD0-4306-86AD-F7F1F337B4DD}.Release|Any CPU.Build.0 = Release|Any CPU
		{F82F5CA8-1BD0-4306-86AD-F7F1F337B4DD}.Release|x64.ActiveCfg = Release|Any CPU
		{F82F5CA8-1BD0-4306-86AD-F7F1F337B4DD}.Release|x64.Build.0 = Release|Any CPU
		{F82F5CA8-1BD0-4306-86AD-F7F1F337B4DD}.Release|x86.ActiveCfg = Release|Any CPU
		{F82F5CA8-1BD0-4306-86AD-F7F1F337B4DD}.Release|x86.Build.0 = Release|Any CPU
		{E8B8CF0E-CB4D-4A92-8059-B2BCB17435D5}.Debug|Any CPU.ActiveCfg = Debug|x64
		{E8B8CF0E-CB4D-4A92-8059-B2BCB17435D5}.Debug|Any CPU.Build.0 = Debug|x64
		{E8B8CF0E-CB4D-4A92-8059-B2BCB17435D5}.Debug|x64.ActiveCfg = Debug|x64
		{E8B8CF0E-CB4D-4A92-8059-B2BCB17435D5}.Debug|x64.Build.0 = Debug|x64
		{E8B8CF0E-CB4D-4A92-8059-B2BCB17435D5}.Debug|x86.ActiveCfg = Debug|x64
		{E8B8CF0E-CB4D-4A92-8059-B2BCB17435D5}.Debug|x86.Build.0 = Debug|x64
		{E8B8CF0E-CB4D-4A92-8059-B2BCB17435D5}.Release|Any CPU.ActiveCfg = Release|x64
		{E8B8CF0E-CB4D-4A92-8059-B2BCB17435D5}.Release|Any CPU.Build.0 = Release|x64
		{E8B8CF0E-CB4D-4A92-8059-B2BCB17435D5}.Release|x64.ActiveCfg = Release|x64
		{E8B8CF0E-CB4D-4A92-8059-B2BCB17435D5}.Release|x64.Build.0 = Release|x64
		{E8B8CF0E-CB4D-4A92-8059-B2BCB17435D5}.Release|x86.ActiveCfg = Release|x64
		{E8B8CF0E-CB4D-4A92-8059-B2BCB17435D5}.Release|x86.Build.0 = Release|x64
		{A579638C-AE13-4714-994B-BB82A8B54F73}.Debug|Any CPU.ActiveCfg = Debug|Any CPU
		{A579638C-AE13-4714-994B-BB82A8B54F73}.Debug|Any CPU.Build.0 = Debug|Any CPU
		{A579638C-AE13-4714-994B-BB82A8B54F73}.Debug|x64.ActiveCfg = Debug|Any CPU
		{A579638C-AE13-4714-994B-BB82A8B54F73}.Debug|x64.Build.0 = Debug|Any CPU
		{A579638C-AE13-4714-994B-BB82A8B54F73}.Debug|x86.ActiveCfg = Debug|Any CPU
		{A579638C-AE13-4714-994B-BB82A8B54F73}.Debug|x86.Build.0 = Debug|Any CPU
		{A579638C-AE13-4714-994B-BB82A8B54F73}.Release|Any CPU.ActiveCfg = Release|Any CPU
		{A579638C-AE13-4714-994B-BB82A8B54F73}.Release|Any CPU.Build.0 = Release|Any CPU
		{A579638C-AE13-4714-994B-BB82A8B54F73}.Release|x64.ActiveCfg = Release|Any CPU
		{A579638C-AE13-4714-994B-BB82A8B54F73}.Release|x64.Build.0 = Release|Any CPU
		{A579638C-AE13-4714-994B-BB82A8B54F73}.Release|x86.ActiveCfg = Release|Any CPU
		{A579638C-AE13-4714-994B-BB82A8B54F73}.Release|x86.Build.0 = Release|Any CPU
	EndGlobalSection
	GlobalSection(SolutionProperties) = preSolution
		HideSolutionNode = FALSE
	EndGlobalSection
	GlobalSection(NestedProjects) = preSolution
		{B786E1BC-35FE-4526-B8EF-B66C61CBB88F} = {827E0CD3-B72D-47B6-A68D-7590B98EB39B}
		{549A42E7-CCC8-4EB2-9332-0C444EBB3DB2} = {827E0CD3-B72D-47B6-A68D-7590B98EB39B}
		{F82F5CA8-1BD0-4306-86AD-F7F1F337B4DD} = {827E0CD3-B72D-47B6-A68D-7590B98EB39B}
		{E8B8CF0E-CB4D-4A92-8059-B2BCB17435D5} = {827E0CD3-B72D-47B6-A68D-7590B98EB39B}
		{A579638C-AE13-4714-994B-BB82A8B54F73} = {0AB3BF05-4346-4AA6-1389-037BE0695223}
	EndGlobalSection
EndGlobal
